// !$*UTF8*$!
{
	archiveVersion = 1;
	classes = {
	};
	objectVersion = 46;
	objects = {

/* Begin PBXBuildFile section */
		12C108FE1D05481700AEDA61 /* AppDelegate.swift in Sources */ = {isa = PBXBuildFile; fileRef = 12C108FD1D05481700AEDA61 /* AppDelegate.swift */; };
		12C109001D05481700AEDA61 /* ViewController.swift in Sources */ = {isa = PBXBuildFile; fileRef = 12C108FF1D05481700AEDA61 /* ViewController.swift */; };
		12C109031D05481800AEDA61 /* Main.storyboard in Resources */ = {isa = PBXBuildFile; fileRef = 12C109011D05481800AEDA61 /* Main.storyboard */; };
		12C109051D05481800AEDA61 /* Assets.xcassets in Resources */ = {isa = PBXBuildFile; fileRef = 12C109041D05481800AEDA61 /* Assets.xcassets */; };
		12C109081D05481800AEDA61 /* LaunchScreen.storyboard in Resources */ = {isa = PBXBuildFile; fileRef = 12C109061D05481800AEDA61 /* LaunchScreen.storyboard */; };
/* End PBXBuildFile section */

/* Begin PBXFileReference section */
		12C108FA1D05481700AEDA61 /* devslopes-firebase.app */ = {isa = PBXFileReference; explicitFileType = wrapper.application; includeInIndex = 0; path = "devslopes-firebase.app"; sourceTree = BUILT_PRODUCTS_DIR; };
		12C108FD1D05481700AEDA61 /* AppDelegate.swift */ = {isa = PBXFileReference; lastKnownFileType = sourcecode.swift; path = AppDelegate.swift; sourceTree = "<group>"; };
		12C108FF1D05481700AEDA61 /* ViewController.swift */ = {isa = PBXFileReference; lastKnownFileType = sourcecode.swift; path = ViewController.swift; sourceTree = "<group>"; };
		12C109021D05481800AEDA61 /* Base */ = {isa = PBXFileReference; lastKnownFileType = file.storyboard; name = Base; path = Base.lproj/Main.storyboard; sourceTree = "<group>"; };
		12C109041D05481800AEDA61 /* Assets.xcassets */ = {isa = PBXFileReference; lastKnownFileType = folder.assetcatalog; path = Assets.xcassets; sourceTree = "<group>"; };
		12C109071D05481800AEDA61 /* Base */ = {isa = PBXFileReference; lastKnownFileType = file.storyboard; name = Base; path = Base.lproj/LaunchScreen.storyboard; sourceTree = "<group>"; };
		12C109091D05481800AEDA61 /* Info.plist */ = {isa = PBXFileReference; lastKnownFileType = text.plist.xml; path = Info.plist; sourceTree = "<group>"; };
/* End PBXFileReference section */

/* Begin PBXFrameworksBuildPhase section */
		12C108F71D05481700AEDA61 /* Frameworks */ = {
			isa = PBXFrameworksBuildPhase;
			buildActionMask = 2147483647;
			files = (
			);
			runOnlyForDeploymentPostprocessing = 0;
		};
/* End PBXFrameworksBuildPhase section */

/* Begin PBXGroup section */
		12C108F11D05481700AEDA61 = {
			isa = PBXGroup;
			children = (
				12C108FC1D05481700AEDA61 /* devslopes-firebase */,
				12C108FB1D05481700AEDA61 /* Products */,
			);
			sourceTree = "<group>";
		};
		12C108FB1D05481700AEDA61 /* Products */ = {
			isa = PBXGroup;
			children = (
				12C108FA1D05481700AEDA61 /* devslopes-firebase.app */,
			);
			name = Products;
			sourceTree = "<group>";
		};
		12C108FC1D05481700AEDA61 /* devslopes-firebase */ = {
			isa = PBXGroup;
			children = (
				12C108FD1D05481700AEDA61 /* AppDelegate.swift */,
				12C108FF1D05481700AEDA61 /* ViewController.swift */,
				12C109011D05481800AEDA61 /* Main.storyboard */,
				12C109041D05481800AEDA61 /* Assets.xcassets */,
				12C109061D05481800AEDA61 /* LaunchScreen.storyboard */,
				12C109091D05481800AEDA61 /* Info.plist */,
			);
			path = "devslopes-firebase";
			sourceTree = "<group>";
		};
/* End PBXGroup section */

/* Begin PBXNativeTarget section */
		12C108F91D05481700AEDA61 /* devslopes-firebase */ = {
			isa = PBXNativeTarget;
			buildConfigurationList = 12C1090C1D05481800AEDA61 /* Build configuration list for PBXNativeTarget "devslopes-firebase" */;
			buildPhases = (
				12C108F61D05481700AEDA61 /* Sources */,
				12C108F71D05481700AEDA61 /* Frameworks */,
				12C108F81D05481700AEDA61 /* Resources */,
			);
			buildRules = (
			);
			dependencies = (
			);
			name = "devslopes-firebase";
			productName = "devslopes-firebase";
			productReference = 12C108FA1D05481700AEDA61 /* devslopes-firebase.app */;
			productType = "com.apple.product-type.application";
		};
/* End PBXNativeTarget section */

/* Begin PBXProject section */
		12C108F21D05481700AEDA61 /* Project object */ = {
			isa = PBXProject;
			attributes = {
				LastSwiftUpdateCheck = 0730;
				LastUpgradeCheck = 0730;
				ORGANIZATIONNAME = "Tong Kwok Wing";
				TargetAttributes = {
					12C108F91D05481700AEDA61 = {
						CreatedOnToolsVersion = 7.3.1;
						DevelopmentTeam = M37EP264F6;
					};
				};
			};
			buildConfigurationList = 12C108F51D05481700AEDA61 /* Build configuration list for PBXProject "devslopes-firebase" */;
			compatibilityVersion = "Xcode 3.2";
			developmentRegion = English;
			hasScannedForEncodings = 0;
			knownRegions = (
				en,
				Base,
			);
			mainGroup = 12C108F11D05481700AEDA61;
			productRefGroup = 12C108FB1D05481700AEDA61 /* Products */;
			projectDirPath = "";
			projectRoot = "";
			targets = (
				12C108F91D05481700AEDA61 /* devslopes-firebase */,
			);
		};
/* End PBXProject section */

/* Begin PBXResourcesBuildPhase section */
		12C108F81D05481700AEDA61 /* Resources */ = {
			isa = PBXResourcesBuildPhase;
			buildActionMask = 2147483647;
			files = (
				12C109081D05481800AEDA61 /* LaunchScreen.storyboard in Resources */,
				12C109051D05481800AEDA61 /* Assets.xcassets in Resources */,
				12C109031D05481800AEDA61 /* Main.storyboard in Resources */,
			);
			runOnlyForDeploymentPostprocessing = 0;
		};
/* End PBXResourcesBuildPhase section */

/* Begin PBXSourcesBuildPhase section */
		12C108F61D05481700AEDA61 /* Sources */ = {
			isa = PBXSourcesBuildPhase;
			buildActionMask = 2147483647;
			files = (
				12C109001D05481700AEDA61 /* ViewController.swift in Sources */,
				12C108FE1D05481700AEDA61 /* AppDelegate.swift in Sources */,
			);
			runOnlyForDeploymentPostprocessing = 0;
		};
/* End PBXSourcesBuildPhase section */

/* Begin PBXVariantGroup section */
		12C109011D05481800AEDA61 /* Main.storyboard */ = {
			isa = PBXVariantGroup;
			children = (
				12C109021D05481800AEDA61 /* Base */,
			);
			name = Main.storyboard;
			sourceTree = "<group>";
		};
		12C109061D05481800AEDA61 /* LaunchScreen.storyboard */ = {
			isa = PBXVariantGroup;
			children = (
				12C109071D05481800AEDA61 /* Base */,
			);
			name = LaunchScreen.storyboard;
			sourceTree = "<group>";
		};
/* End PBXVariantGroup section */

/* Begin XCBuildConfiguration section */
		12C1090A1D05481800AEDA61 /* Debug */ = {
			isa = XCBuildConfiguration;
			buildSettings = {
				ALWAYS_SEARCH_USER_PATHS = NO;
				CLANG_ANALYZER_NONNULL = YES;
				CLANG_CXX_LANGUAGE_STANDARD = "gnu++0x";
				CLANG_CXX_LIBRARY = "libc++";
				CLANG_ENABLE_MODULES = YES;
				CLANG_ENABLE_OBJC_ARC = YES;
				CLANG_WARN_BOOL_CONVERSION = YES;
				CLANG_WARN_CONSTANT_CONVERSION = YES;
				CLANG_WARN_DIRECT_OBJC_ISA_USAGE = YES_ERROR;
				CLANG_WARN_EMPTY_BODY = YES;
				CLANG_WARN_ENUM_CONVERSION = YES;
				CLANG_WARN_INT_CONVERSION = YES;
				CLANG_WARN_OBJC_ROOT_CLASS = YES_ERROR;
				CLANG_WARN_UNREACHABLE_CODE = YES;
				CLANG_WARN__DUPLICATE_METHOD_MATCH = YES;
				"CODE_SIGN_IDENTITY[sdk=iphoneos*]" = "iPhone Developer";
				COPY_PHASE_STRIP = NO;
				DEBUG_INFORMATION_FORMAT = dwarf;
				ENABLE_STRICT_OBJC_MSGSEND = YES;
				ENABLE_TESTABILITY = YES;
				GCC_C_LANGUAGE_STANDARD = gnu99;
				GCC_DYNAMIC_NO_PIC = NO;
				GCC_NO_COMMON_BLOCKS = YES;
				GCC_OPTIMIZATION_LEVEL = 0;
				GCC_PREPROCESSOR_DEFINITIONS = (
					"DEBUG=1",
					"$(inherited)",
				);
				GCC_WARN_64_TO_32_BIT_CONVERSION = YES;
				GCC_WARN_ABOUT_RETURN_TYPE = YES_ERROR;
				GCC_WARN_UNDECLARED_SELECTOR = YES;
				GCC_WARN_UNINITIALIZED_AUTOS = YES_AGGRESSIVE;
				GCC_WARN_UNUSED_FUNCTION = YES;
				GCC_WARN_UNUSED_VARIABLE = YES;
				IPHONEOS_DEPLOYMENT_TARGET = 9.3;
				MTL_ENABLE_DEBUG_INFO = YES;
				ONLY_ACTIVE_ARCH = YES;
				SDKROOT = iphoneos;
				SWIFT_OPTIMIZATION_LEVEL = "-Onone";
				TARGETED_DEVICE_FAMILY = "1,2";
			};
			name = Debug;
		};
		12C1090B1D05481800AEDA61 /* Release */ = {
			isa = XCBuildConfiguration;
			buildSettings = {
				ALWAYS_SEARCH_USER_PATHS = NO;
				CLANG_ANALYZER_NONNULL = YES;
				CLANG_CXX_LANGUAGE_STANDARD = "gnu++0x";
				CLANG_CXX_LIBRARY = "libc++";
				CLANG_ENABLE_MODULES = YES;
				CLANG_ENABLE_OBJC_ARC = YES;
				CLANG_WARN_BOOL_CONVERSION = YES;
				CLANG_WARN_CONSTANT_CONVERSION = YES;
				CLANG_WARN_DIRECT_OBJC_ISA_USAGE = YES_ERROR;
				CLANG_WARN_EMPTY_BODY = YES;
				CLANG_WARN_ENUM_CONVERSION = YES;
				CLANG_WARN_INT_CONVERSION = YES;
				CLANG_WARN_OBJC_ROOT_CLASS = YES_ERROR;
				CLANG_WARN_UNREACHABLE_CODE = YES;
				CLANG_WARN__DUPLICATE_METHOD_MATCH = YES;
				"CODE_SIGN_IDENTITY[sdk=iphoneos*]" = "iPhone Developer";
				COPY_PHASE_STRIP = NO;
				DEBUG_INFORMATION_FORMAT = "dwarf-with-dsym";
				ENABLE_NS_ASSERTIONS = NO;
				ENABLE_STRICT_OBJC_MSGSEND = YES;
				GCC_C_LANGUAGE_STANDARD = gnu99;
				GCC_NO_COMMON_BLOCKS = YES;
				GCC_WARN_64_TO_32_BIT_CONVERSION = YES;
				GCC_WARN_ABOUT_RETURN_TYPE = YES_ERROR;
				GCC_WARN_UNDECLARED_SELECTOR = YES;
				GCC_WARN_UNINITIALIZED_AUTOS = YES_AGGRESSIVE;
				GCC_WARN_UNUSED_FUNCTION = YES;
				GCC_WARN_UNUSED_VARIABLE = YES;
				IPHONEOS_DEPLOYMENT_TARGET = 9.3;
				MTL_ENABLE_DEBUG_INFO = NO;
				SDKROOT = iphoneos;
				TARGETED_DEVICE_FAMILY = "1,2";
				VALIDATE_PRODUCT = YES;
			};
			name = Release;
		};
		12C1090D1D05481800AEDA61 /* Debug */ = {
			isa = XCBuildConfiguration;
			buildSettings = {
				ASSETCATALOG_COMPILER_APPICON_NAME = AppIcon;
				INFOPLIST_FILE = "devslopes-firebase/Info.plist";
				LD_RUNPATH_SEARCH_PATHS = "$(inherited) @executable_path/Frameworks";
				PRODUCT_BUNDLE_IDENTIFIER = "com.ObjectiveCDeveloper.devslopes-firebase";
				PRODUCT_NAME = "$(TARGET_NAME)";
			};
			name = Debug;
		};
		12C1090E1D05481800AEDA61 /* Release */ = {
			isa = XCBuildConfiguration;
			buildSettings = {
				ASSETCATALOG_COMPILER_APPICON_NAME = AppIcon;
				INFOPLIST_FILE = "devslopes-firebase/Info.plist";
				LD_RUNPATH_SEARCH_PATHS = "$(inherited) @executable_path/Frameworks";
				PRODUCT_BUNDLE_IDENTIFIER = "com.ObjectiveCDeveloper.devslopes-firebase";
				PRODUCT_NAME = "$(TARGET_NAME)";
			};
			name = Release;
		};
/* End XCBuildConfiguration section */

/* Begin XCConfigurationList section */
		12C108F51D05481700AEDA61 /* Build configuration list for PBXProject "devslopes-firebase" */ = {
			isa = XCConfigurationList;
			buildConfigurations = (
				12C1090A1D05481800AEDA61 /* Debug */,
				12C1090B1D05481800AEDA61 /* Release */,
			);
			defaultConfigurationIsVisible = 0;
			defaultConfigurationName = Release;
		};
		12C1090C1D05481800AEDA61 /* Build configuration list for PBXNativeTarget "devslopes-firebase" */ = {
			isa = XCConfigurationList;
			buildConfigurations = (
				12C1090D1D05481800AEDA61 /* Debug */,
				12C1090E1D05481800AEDA61 /* Release */,
			);
			defaultConfigurationIsVisible = 0;
		};
/* End XCConfigurationList section */
	};
	rootObject = 12C108F21D05481700AEDA61 /* Project object */;
}
